version = 1
requires-python = ">=3.12"

[[package]]
name = "click"
version = "8.1.7"
source = { registry = "https://pypi.org/simple" }
dependencies = [
    { name = "colorama", marker = "platform_system == 'Windows'" },
]
sdist = { url = "https://files.pythonhosted.org/packages/96/d3/f04c7bfcf5c1862a2a5b845c6b2b360488cf47af55dfa79c98f6a6bf98b5/click-8.1.7.tar.gz", hash = "sha256:ca9853ad459e787e2192211578cc907e7594e294c7ccc834310722b41b9ca6de", size = 336121 }
wheels = [
    { url = "https://files.pythonhosted.org/packages/00/2e/d53fa4befbf2cfa713304affc7ca780ce4fc1fd8710527771b58311a3229/click-8.1.7-py3-none-any.whl", hash = "sha256:ae74fb96c20a0277a1d615f1e4d73c8414f5a98db8b799a7931d1582f3390c28", size = 97941 },
]

[[package]]
name = "colorama"
version = "0.4.6"
source = { registry = "https://pypi.org/simple" }
sdist = { url = "https://files.pythonhosted.org/packages/d8/53/6f443c9a4a8358a93a6792e2acffb9d9d5cb0a5cfd8802644b7b1c9a02e4/colorama-0.4.6.tar.gz", hash = "sha256:08695f5cb7ed6e0531a20572697297273c47b8cae5a63ffc6d6ed5c201be6e44", size = 27697 }
wheels = [
    { url = "https://files.pythonhosted.org/packages/d1/d6/3965ed04c63042e047cb6a3e6ed1a63a35087b6a609aa3a15ed8ac56c221/colorama-0.4.6-py2.py3-none-any.whl", hash = "sha256:4f1d9991f5acc0ca119f9d443620b77f9d6b33703e51011c16baf57afb285fc6", size = 25335 },
]

[[package]]
name = "ruff"
version = "0.6.1"
source = { registry = "https://pypi.org/simple" }
sdist = { url = "https://files.pythonhosted.org/packages/ce/7e/82271b5ecbb72f24178eac28979380c4ba234f90be5cf92cb513605efb1a/ruff-0.6.1.tar.gz", hash = "sha256:af3ffd8c6563acb8848d33cd19a69b9bfe943667f0419ca083f8ebe4224a3436", size = 2457325 }
wheels = [
    { url = "https://files.pythonhosted.org/packages/e2/d1/ac5091efcc8e2cdc55733ac07f17f961465318a3fa8916e44360e32e6c73/ruff-0.6.1-py3-none-linux_armv6l.whl", hash = "sha256:b4bb7de6a24169dc023f992718a9417380301b0c2da0fe85919f47264fb8add9", size = 9610279 },
    { url = "https://files.pythonhosted.org/packages/2b/ed/c3e1c20e46f5619f133e1ddafbb1a957407ea36d42a477d0d88e9897bed9/ruff-0.6.1-py3-none-macosx_10_12_x86_64.whl", hash = "sha256:45efaae53b360c81043e311cdec8a7696420b3d3e8935202c2846e7a97d4edae", size = 8719541 },
    { url = "https://files.pythonhosted.org/packages/13/49/3ee1c8dca59a8bd87ca833871d86304bce4348b2e019287e45ca0ad5b3dd/ruff-0.6.1-py3-none-macosx_11_0_arm64.whl", hash = "sha256:bc60c7d71b732c8fa73cf995efc0c836a2fd8b9810e115be8babb24ae87e0850", size = 8320291 },
    { url = "https://files.pythonhosted.org/packages/2a/44/1fec4c3eac790a445f3b9e0759665439c1d88517851f3fca90e32e897d48/ruff-0.6.1-py3-none-manylinux_2_17_aarch64.manylinux2014_aarch64.whl", hash = "sha256:2c7477c3b9da822e2db0b4e0b59e61b8a23e87886e727b327e7dcaf06213c5cf", size = 10040885 },
    { url = "https://files.pythonhosted.org/packages/86/98/c0b96dda4f751accecd3c0638d8c617a3b3e6de11b4e68aa77cae72912fb/ruff-0.6.1-py3-none-manylinux_2_17_armv7l.manylinux2014_armv7l.whl", hash = "sha256:3a0af7ab3f86e3dc9f157a928e08e26c4b40707d0612b01cd577cc84b8905cc9", size = 9414183 },
    { url = "https://files.pythonhosted.org/packages/a0/e3/59ac3b2fb4e80f53a96f2c22951589357e22ef3bc2c2b04b2a73772663f8/ruff-0.6.1-py3-none-manylinux_2_17_i686.manylinux2014_i686.whl", hash = "sha256:392688dbb50fecf1bf7126731c90c11a9df1c3a4cdc3f481b53e851da5634fa5", size = 10203467 },
    { url = "https://files.pythonhosted.org/packages/8d/02/3dc1c33877d68341b9764b30e2dcc9209b6adb8a0a41ca04d503dc39006e/ruff-0.6.1-py3-none-manylinux_2_17_ppc64.manylinux2014_ppc64.whl", hash = "sha256:5278d3e095ccc8c30430bcc9bc550f778790acc211865520f3041910a28d0024", size = 10962198 },
    { url = "https://files.pythonhosted.org/packages/c5/1f/a36bb06c8b724e3a8ee59124657414182227a353a98408cb5321aa87bd13/ruff-0.6.1-py3-none-manylinux_2_17_ppc64le.manylinux2014_ppc64le.whl", hash = "sha256:fe6d5f65d6f276ee7a0fc50a0cecaccb362d30ef98a110f99cac1c7872df2f18", size = 10537682 },
    { url = "https://files.pythonhosted.org/packages/a2/bd/479fbfab1634f2527a3f5ddb44973977f75ffbdf3d9bb16748c558a263ad/ruff-0.6.1-py3-none-manylinux_2_17_s390x.manylinux2014_s390x.whl", hash = "sha256:b2e0dd11e2ae553ee5c92a81731d88a9883af8db7408db47fc81887c1f8b672e", size = 11505616 },
    { url = "https://files.pythonhosted.org/packages/e0/94/92bc24e7e58d2f90fa2a370f763d25d9e06ccccfab839b88e389d79fb4e3/ruff-0.6.1-py3-none-manylinux_2_17_x86_64.manylinux2014_x86_64.whl", hash = "sha256:d812615525a34ecfc07fd93f906ef5b93656be01dfae9a819e31caa6cfe758a1", size = 10221898 },
    { url = "https://files.pythonhosted.org/packages/f7/47/1aca18f02abd4a3ba739991b719a3aa5d8e39e0bee1a91090c8bfacdcd13/ruff-0.6.1-py3-none-musllinux_1_2_aarch64.whl", hash = "sha256:faaa4060f4064c3b7aaaa27328080c932fa142786f8142aff095b42b6a2eb631", size = 10033784 },
    { url = "https://files.pythonhosted.org/packages/e6/48/df16d9b00af42034ee85915914783bc0529a2ff709d6d3ef39c7c15d826d/ruff-0.6.1-py3-none-musllinux_1_2_armv7l.whl", hash = "sha256:99d7ae0df47c62729d58765c593ea54c2546d5de213f2af2a19442d50a10cec9", size = 9477381 },
    { url = "https://files.pythonhosted.org/packages/46/d6/d6eadedcc9f9c4927665eee26f4449c15f4c501e7ba9c34c37753748dc11/ruff-0.6.1-py3-none-musllinux_1_2_i686.whl", hash = "sha256:9eb18dfd7b613eec000e3738b3f0e4398bf0153cb80bfa3e351b3c1c2f6d7b15", size = 9862269 },
    { url = "https://files.pythonhosted.org/packages/4e/30/e2f5b06ac048898a1cac190e1c9c0d88f984596b27f1069341217e42d119/ruff-0.6.1-py3-none-musllinux_1_2_x86_64.whl", hash = "sha256:c62bc04c6723a81e25e71715aa59489f15034d69bf641df88cb38bdc32fd1dbb", size = 10287591 },
    { url = "https://files.pythonhosted.org/packages/a0/2c/6a17be1b3c69c03167e5b3d69317ae9b8b2a06091189161751e7a36afef5/ruff-0.6.1-py3-none-win32.whl", hash = "sha256:9fb4c4e8b83f19c9477a8745e56d2eeef07a7ff50b68a6998f7d9e2e3887bdc4", size = 7918031 },
    { url = "https://files.pythonhosted.org/packages/2e/ba/66a6c87f6532e0390ebc67d5ae9bc1064f4e14d1b0e224bdedc999ae2b15/ruff-0.6.1-py3-none-win_amd64.whl", hash = "sha256:c2ebfc8f51ef4aca05dad4552bbcf6fe8d1f75b2f6af546cc47cc1c1ca916b5b", size = 8736178 },
    { url = "https://files.pythonhosted.org/packages/14/da/418c5d40058ad56bd0fa060efa4580ccf446f916167aa6540d31f6844e16/ruff-0.6.1-py3-none-win_arm64.whl", hash = "sha256:3bc81074971b0ffad1bd0c52284b22411f02a11a012082a76ac6da153536e014", size = 8142791 },
]

[[package]]
name = "untime"
version = "0.1.0"
source = { editable = "." }
dependencies = [
    { name = "click" },
]

[package.dev-dependencies]
dev = [
    { name = "ruff" },
]

[package.metadata]
requires-dist = [{ name = "click", specifier = ">=8.1.7" }]

[package.metadata.requires-dev]
dev = [{ name = "ruff", specifier = ">=0.6.1" }]
